PODS:
  - Cluster (3.0.3)
  - DropDown (2.3.13)
  - EasyTipView (2.1.0)
  - Firebase/Core (10.8.0):
    - Firebase/CoreOnly
    - FirebaseAnalytics (~> 10.8.0)
  - Firebase/CoreOnly (10.8.0):
    - FirebaseCore (= 10.8.0)
  - Firebase/Crashlytics (10.8.0):
    - Firebase/CoreOnly
    - FirebaseCrashlytics (~> 10.8.0)
  - Firebase/DynamicLinks (10.8.0):
    - Firebase/CoreOnly
    - FirebaseDynamicLinks (~> 10.8.0)
  - FirebaseAnalytics (10.8.0):
    - FirebaseAnalytics/AdIdSupport (= 10.8.0)
    - FirebaseCore (~> 10.0)
    - FirebaseInstallations (~> 10.0)
    - GoogleUtilities/AppDelegateSwizzler (~> 7.8)
    - GoogleUtilities/MethodSwizzler (~> 7.8)
    - GoogleUtilities/Network (~> 7.8)
    - "GoogleUtilities/NSData+zlib (~> 7.8)"
    - nanopb (< 2.30910.0, >= 2.30908.0)
  - FirebaseAnalytics/AdIdSupport (10.8.0):
    - FirebaseCore (~> 10.0)
    - FirebaseInstallations (~> 10.0)
    - GoogleAppMeasurement (= 10.8.0)
    - GoogleUtilities/AppDelegateSwizzler (~> 7.8)
    - GoogleUtilities/MethodSwizzler (~> 7.8)
    - GoogleUtilities/Network (~> 7.8)
    - "GoogleUtilities/NSData+zlib (~> 7.8)"
    - nanopb (< 2.30910.0, >= 2.30908.0)
  - FirebaseCore (10.8.0):
    - FirebaseCoreInternal (~> 10.0)
    - GoogleUtilities/Environment (~> 7.8)
    - GoogleUtilities/Logger (~> 7.8)
  - FirebaseCoreExtension (10.8.0):
    - FirebaseCore (~> 10.0)
  - FirebaseCoreInternal (10.8.0):
    - "GoogleUtilities/NSData+zlib (~> 7.8)"
  - FirebaseCrashlytics (10.8.0):
    - FirebaseCore (~> 10.5)
    - FirebaseInstallations (~> 10.0)
    - FirebaseSessions (~> 10.5)
    - GoogleDataTransport (~> 9.2)
    - GoogleUtilities/Environment (~> 7.8)
    - nanopb (< 2.30910.0, >= 2.30908.0)
    - PromisesObjC (~> 2.1)
  - FirebaseDynamicLinks (10.8.0):
    - FirebaseCore (~> 10.0)
  - FirebaseInstallations (10.8.0):
    - FirebaseCore (~> 10.0)
    - GoogleUtilities/Environment (~> 7.8)
    - GoogleUtilities/UserDefaults (~> 7.8)
    - PromisesObjC (~> 2.1)
  - FirebaseSessions (10.8.0):
    - FirebaseCore (~> 10.5)
    - FirebaseCoreExtension (~> 10.0)
    - FirebaseInstallations (~> 10.0)
    - GoogleDataTransport (~> 9.2)
    - GoogleUtilities/Environment (~> 7.10)
    - nanopb (< 2.30910.0, >= 2.30908.0)
    - PromisesSwift (~> 2.1)
  - FlexiblePageControl (1.0.8)
  - FloatingPanel (2.6.1)
  - GoogleAppMeasurement (10.8.0):
    - GoogleAppMeasurement/AdIdSupport (= 10.8.0)
    - GoogleUtilities/AppDelegateSwizzler (~> 7.8)
    - GoogleUtilities/MethodSwizzler (~> 7.8)
    - GoogleUtilities/Network (~> 7.8)
    - "GoogleUtilities/NSData+zlib (~> 7.8)"
    - nanopb (< 2.30910.0, >= 2.30908.0)
  - GoogleAppMeasurement/AdIdSupport (10.8.0):
    - GoogleAppMeasurement/WithoutAdIdSupport (= 10.8.0)
    - GoogleUtilities/AppDelegateSwizzler (~> 7.8)
    - GoogleUtilities/MethodSwizzler (~> 7.8)
    - GoogleUtilities/Network (~> 7.8)
    - "GoogleUtilities/NSData+zlib (~> 7.8)"
    - nanopb (< 2.30910.0, >= 2.30908.0)
  - GoogleAppMeasurement/WithoutAdIdSupport (10.8.0):
    - GoogleUtilities/AppDelegateSwizzler (~> 7.8)
    - GoogleUtilities/MethodSwizzler (~> 7.8)
    - GoogleUtilities/Network (~> 7.8)
    - "GoogleUtilities/NSData+zlib (~> 7.8)"
    - nanopb (< 2.30910.0, >= 2.30908.0)
  - GoogleDataTransport (9.2.2):
    - GoogleUtilities/Environment (~> 7.7)
    - nanopb (< 2.30910.0, >= 2.30908.0)
    - PromisesObjC (< 3.0, >= 1.2)
  - GooglePlaces (7.4.0)
  - GoogleUtilities/AppDelegateSwizzler (7.11.1):
    - GoogleUtilities/Environment
    - GoogleUtilities/Logger
    - GoogleUtilities/Network
  - GoogleUtilities/Environment (7.11.1):
    - PromisesObjC (< 3.0, >= 1.2)
  - GoogleUtilities/Logger (7.11.1):
    - GoogleUtilities/Environment
  - GoogleUtilities/MethodSwizzler (7.11.1):
    - GoogleUtilities/Logger
  - GoogleUtilities/Network (7.11.1):
    - GoogleUtilities/Logger
    - "GoogleUtilities/NSData+zlib"
    - GoogleUtilities/Reachability
  - "GoogleUtilities/NSData+zlib (7.11.1)"
  - GoogleUtilities/Reachability (7.11.1):
    - GoogleUtilities/Logger
  - GoogleUtilities/UserDefaults (7.11.1):
    - GoogleUtilities/Logger
  - HorizonCalendar (1.16.0)
  - KDCircularProgress (1.5.4)
  - Kingfisher (7.6.2)
  - nanopb (2.30909.0):
    - nanopb/decode (= 2.30909.0)
    - nanopb/encode (= 2.30909.0)
  - nanopb/decode (2.30909.0)
  - nanopb/encode (2.30909.0)
  - NVActivityIndicatorView (5.1.1):
    - NVActivityIndicatorView/Base (= 5.1.1)
  - NVActivityIndicatorView/Base (5.1.1)
  - PromisesObjC (2.2.0)
  - PromisesSwift (2.2.0):
    - PromisesObjC (= 2.2.0)
  - SkeletonView (1.30.4)
  - SnapKit (5.6.0)
  - SwiftyBeaver (2.0.0)

DEPENDENCIES:
  - Cluster
  - DropDown
  - EasyTipView
  - Firebase/Core
  - Firebase/Crashlytics
  - Firebase/DynamicLinks
  - FlexiblePageControl
  - FloatingPanel
  - GooglePlaces
  - HorizonCalendar
  - KDCircularProgress
  - Kingfisher
  - NVActivityIndicatorView
  - SkeletonView
  - SnapKit
  - SwiftyBeaver

SPEC REPOS:
  trunk:
    - Cluster
    - DropDown
    - EasyTipView
    - Firebase
    - FirebaseAnalytics
    - FirebaseCore
    - FirebaseCoreExtension
    - FirebaseCoreInternal
    - FirebaseCrashlytics
    - FirebaseDynamicLinks
    - FirebaseInstallations
    - FirebaseSessions
    - FlexiblePageControl
    - FloatingPanel
    - GoogleAppMeasurement
    - GoogleDataTransport
    - GooglePlaces
    - GoogleUtilities
    - HorizonCalendar
    - KDCircularProgress
    - Kingfisher
    - nanopb
    - NVActivityIndicatorView
    - PromisesObjC
    - PromisesSwift
    - SkeletonView
    - SnapKit
    - SwiftyBeaver

SPEC CHECKSUMS:
  Cluster: d72510594f60d901905953aafdc811d1888177ae
  DropDown: 8a2116376c1981888557f72ec2ffc9a5e0e456ec
  EasyTipView: a92b6edc377b81c5ac18e9fd35d5ee78e9409488
  Firebase: b49ef44e5ec9a3d0c1f6450f410337e97872279c
  FirebaseAnalytics: e1fc758bd5d71823bba970c076abee4b2450a5f4
  FirebaseCore: e78636a990b54be427ce300aa09a0e359f4e0e87
  FirebaseCoreExtension: d815fd6fec8bb3a0940bc02dd5e3e641ea7229d8
  FirebaseCoreInternal: fa2899eb1f340054858d289e5a0fb935a0a74e52
  FirebaseCrashlytics: 24f41a26d1a90767278a27bef3ea9ae6d80c7016
  FirebaseDynamicLinks: 8c7e16503fd057c44727b6bc8dc8e7ff2a667955
  FirebaseInstallations: b2a05a3fe707df764345d68685534d07d0664af3
  FirebaseSessions: d4e22e13e5523e58fcd625671c59bed7ccee8736
  FlexiblePageControl: 07f7765054f16b3f0bc3f14dfd95ab5f45817ea4
  FloatingPanel: de6bb891912ede28da7b1140f7b583c474fec28a
  GoogleAppMeasurement: 0ba93018e916f7badf915c2337d43cc1fa96b3f9
  GoogleDataTransport: 8378d1fa8ac49753ea6ce70d65a7cb70ce5f66e6
  GooglePlaces: 544e908d94860bf6f8fc1865b80d2c7eb6b5f937
  GoogleUtilities: 9aa0ad5a7bc171f8bae016300bfcfa3fb8425749
  HorizonCalendar: 90d7281cf1cd0cb3fae1d3e53f6f7fd24fda5a0e
  KDCircularProgress: 98200c6b8e85d22bc04eb644721d3b1e12b0686b
  Kingfisher: 6c5449c6450c5239166510ba04afe374a98afc4f
  nanopb: b552cce312b6c8484180ef47159bc0f65a1f0431
  NVActivityIndicatorView: 1f6c5687f1171810aa27a3296814dc2d7dec3667
  PromisesObjC: 09985d6d70fbe7878040aa746d78236e6946d2ef
  PromisesSwift: cf9eb58666a43bbe007302226e510b16c1e10959
  SkeletonView: 5a050f6411e697abd4cda0a8d767013399dccd69
  SnapKit: e01d52ebb8ddbc333eefe2132acf85c8227d9c25
  SwiftyBeaver: 014b0c12065026b731bac80305294f27d63e27f6

PODFILE CHECKSUM: 19c065caf9b8c89f9ddee2a69c38b6bea6b263b9

COCOAPODS: 1.11.3
