PODS:
  - Cluster (3.0.3)
  - CombineDataSources (0.2.5)
  - DropDown (2.3.13)
  - EasyTipView (2.1.0)
  - Firebase/Core (10.1.0):
    - Firebase/CoreOnly
    - FirebaseAnalytics (~> 10.1.0)
  - Firebase/CoreOnly (10.1.0):
    - FirebaseCore (= 10.1.0)
  - Firebase/Crashlytics (10.1.0):
    - Firebase/CoreOnly
    - FirebaseCrashlytics (~> 10.1.0)
  - FirebaseAnalytics (10.1.0):
    - FirebaseAnalytics/AdIdSupport (= 10.1.0)
    - FirebaseCore (~> 10.0)
    - FirebaseInstallations (~> 10.0)
    - GoogleUtilities/AppDelegateSwizzler (~> 7.8)
    - GoogleUtilities/MethodSwizzler (~> 7.8)
    - GoogleUtilities/Network (~> 7.8)
    - "GoogleUtilities/NSData+zlib (~> 7.8)"
    - nanopb (< 2.30910.0, >= 2.30908.0)
  - FirebaseAnalytics/AdIdSupport (10.1.0):
    - FirebaseCore (~> 10.0)
    - FirebaseInstallations (~> 10.0)
    - GoogleAppMeasurement (= 10.1.0)
    - GoogleUtilities/AppDelegateSwizzler (~> 7.8)
    - GoogleUtilities/MethodSwizzler (~> 7.8)
    - GoogleUtilities/Network (~> 7.8)
    - "GoogleUtilities/NSData+zlib (~> 7.8)"
    - nanopb (< 2.30910.0, >= 2.30908.0)
  - FirebaseCore (10.1.0):
    - FirebaseCoreInternal (~> 10.0)
    - GoogleUtilities/Environment (~> 7.8)
    - GoogleUtilities/Logger (~> 7.8)
  - FirebaseCoreInternal (10.1.0):
    - "GoogleUtilities/NSData+zlib (~> 7.8)"
  - FirebaseCrashlytics (10.1.0):
    - FirebaseCore (~> 10.0)
    - FirebaseInstallations (~> 10.0)
    - GoogleDataTransport (~> 9.2)
    - GoogleUtilities/Environment (~> 7.8)
    - nanopb (< 2.30910.0, >= 2.30908.0)
    - PromisesObjC (~> 2.1)
  - FirebaseInstallations (10.1.0):
    - FirebaseCore (~> 10.0)
    - GoogleUtilities/Environment (~> 7.8)
    - GoogleUtilities/UserDefaults (~> 7.8)
    - PromisesObjC (~> 2.1)
  - FlexiblePageControl (1.0.8)
  - FloatingPanel (2.5.5)
  - GoogleAppMeasurement (10.1.0):
    - GoogleAppMeasurement/AdIdSupport (= 10.1.0)
    - GoogleUtilities/AppDelegateSwizzler (~> 7.8)
    - GoogleUtilities/MethodSwizzler (~> 7.8)
    - GoogleUtilities/Network (~> 7.8)
    - "GoogleUtilities/NSData+zlib (~> 7.8)"
    - nanopb (< 2.30910.0, >= 2.30908.0)
  - GoogleAppMeasurement/AdIdSupport (10.1.0):
    - GoogleAppMeasurement/WithoutAdIdSupport (= 10.1.0)
    - GoogleUtilities/AppDelegateSwizzler (~> 7.8)
    - GoogleUtilities/MethodSwizzler (~> 7.8)
    - GoogleUtilities/Network (~> 7.8)
    - "GoogleUtilities/NSData+zlib (~> 7.8)"
    - nanopb (< 2.30910.0, >= 2.30908.0)
  - GoogleAppMeasurement/WithoutAdIdSupport (10.1.0):
    - GoogleUtilities/AppDelegateSwizzler (~> 7.8)
    - GoogleUtilities/MethodSwizzler (~> 7.8)
    - GoogleUtilities/Network (~> 7.8)
    - "GoogleUtilities/NSData+zlib (~> 7.8)"
    - nanopb (< 2.30910.0, >= 2.30908.0)
  - GoogleDataTransport (9.2.0):
    - GoogleUtilities/Environment (~> 7.7)
    - nanopb (< 2.30910.0, >= 2.30908.0)
    - PromisesObjC (< 3.0, >= 1.2)
  - GooglePlaces (7.2.0)
  - GoogleUtilities/AppDelegateSwizzler (7.8.0):
    - GoogleUtilities/Environment
    - GoogleUtilities/Logger
    - GoogleUtilities/Network
  - GoogleUtilities/Environment (7.8.0):
    - PromisesObjC (< 3.0, >= 1.2)
  - GoogleUtilities/Logger (7.8.0):
    - GoogleUtilities/Environment
  - GoogleUtilities/MethodSwizzler (7.8.0):
    - GoogleUtilities/Logger
  - GoogleUtilities/Network (7.8.0):
    - GoogleUtilities/Logger
    - "GoogleUtilities/NSData+zlib"
    - GoogleUtilities/Reachability
  - "GoogleUtilities/NSData+zlib (7.8.0)"
  - GoogleUtilities/Reachability (7.8.0):
    - GoogleUtilities/Logger
  - GoogleUtilities/UserDefaults (7.8.0):
    - GoogleUtilities/Logger
  - HorizonCalendar (1.14.2)
  - KDCircularProgress (1.5.4)
  - Kingfisher (7.4.1)
  - nanopb (2.30909.0):
    - nanopb/decode (= 2.30909.0)
    - nanopb/encode (= 2.30909.0)
  - nanopb/decode (2.30909.0)
  - nanopb/encode (2.30909.0)
  - NVActivityIndicatorView (5.1.1):
    - NVActivityIndicatorView/Base (= 5.1.1)
  - NVActivityIndicatorView/Base (5.1.1)
  - PromisesObjC (2.1.1)
  - SkeletonView (1.30.4)
  - SnapKit (5.6.0)
  - SwiftyBeaver (1.9.6)

DEPENDENCIES:
  - Cluster
  - CombineDataSources
  - DropDown
  - EasyTipView
  - Firebase/Core
  - Firebase/Crashlytics
  - FlexiblePageControl
  - FloatingPanel
  - GooglePlaces
  - HorizonCalendar
  - KDCircularProgress
  - Kingfisher
  - NVActivityIndicatorView
  - SkeletonView
  - SnapKit
  - SwiftyBeaver

SPEC REPOS:
  trunk:
    - Cluster
    - CombineDataSources
    - DropDown
    - EasyTipView
    - Firebase
    - FirebaseAnalytics
    - FirebaseCore
    - FirebaseCoreInternal
    - FirebaseCrashlytics
    - FirebaseInstallations
    - FlexiblePageControl
    - FloatingPanel
    - GoogleAppMeasurement
    - GoogleDataTransport
    - GooglePlaces
    - GoogleUtilities
    - HorizonCalendar
    - KDCircularProgress
    - Kingfisher
    - nanopb
    - NVActivityIndicatorView
    - PromisesObjC
    - SkeletonView
    - SnapKit
    - SwiftyBeaver

SPEC CHECKSUMS:
  Cluster: d72510594f60d901905953aafdc811d1888177ae
  CombineDataSources: dcbc3b06a038ffdf620b3b4533d3ecaf76ca6a2e
  DropDown: 8a2116376c1981888557f72ec2ffc9a5e0e456ec
  EasyTipView: a92b6edc377b81c5ac18e9fd35d5ee78e9409488
  Firebase: 444b35a9c568a516666213c2f6cccd10cb12559f
  FirebaseAnalytics: 24cb27b52b2e11ad5013528195b4ca0755dec960
  FirebaseCore: 55e7ae35991ccca4db03ff8d8df6ed5f17a3e4c7
  FirebaseCoreInternal: 96d75228e10fd369564da51bd898414eb0f54df5
  FirebaseCrashlytics: 93906d7085eb3e4dd90d08fe42a15d4f0406b6ab
  FirebaseInstallations: 99d24bac0243cf8b0e96cf5426340d211f0bcc80
  FlexiblePageControl: 07f7765054f16b3f0bc3f14dfd95ab5f45817ea4
  FloatingPanel: a27e7827e0f710fa6236fe2596dd1b5484cb4fc1
  GoogleAppMeasurement: e490e248af3da95afe8fa8e7baac232dc8d020b7
  GoogleDataTransport: 1c8145da7117bd68bbbed00cf304edb6a24de00f
  GooglePlaces: 590dea495d69431454ea92217033c3184995165d
  GoogleUtilities: 1d20a6ad97ef46f67bbdec158ce00563a671ebb7
  HorizonCalendar: 01743b993e066e8375b9c3a22bfe62f98d7c4c33
  KDCircularProgress: 98200c6b8e85d22bc04eb644721d3b1e12b0686b
  Kingfisher: cd762a593a61b2fbecf7645c00f9a801a3ebfc9c
  nanopb: b552cce312b6c8484180ef47159bc0f65a1f0431
  NVActivityIndicatorView: 1f6c5687f1171810aa27a3296814dc2d7dec3667
  PromisesObjC: ab77feca74fa2823e7af4249b8326368e61014cb
  SkeletonView: 5a050f6411e697abd4cda0a8d767013399dccd69
  SnapKit: e01d52ebb8ddbc333eefe2132acf85c8227d9c25
  SwiftyBeaver: c8241b4745aa269a78ca5a022532c6915e948536

PODFILE CHECKSUM: a4ee5421187e7161e3d294fbaf844f4555884246

COCOAPODS: 1.11.3
