// !$*UTF8*$!
{
	archiveVersion = 1;
	classes = {
	};
	objectVersion = 55;
	objects = {

/* Begin PBXBuildFile section */
		1B7315F1281E7DD0001F2E6A /* AppDelegate.swift in Sources */ = {isa = PBXBuildFile; fileRef = 1B7315F0281E7DD0001F2E6A /* AppDelegate.swift */; };
		1B7315F3281E7DD0001F2E6A /* SceneDelegate.swift in Sources */ = {isa = PBXBuildFile; fileRef = 1B7315F2281E7DD0001F2E6A /* SceneDelegate.swift */; };
		1B7315F5281E7DD0001F2E6A /* ViewController.swift in Sources */ = {isa = PBXBuildFile; fileRef = 1B7315F4281E7DD0001F2E6A /* ViewController.swift */; };
		1B7315FA281E7DD5001F2E6A /* Assets.xcassets in Resources */ = {isa = PBXBuildFile; fileRef = 1B7315F9281E7DD5001F2E6A /* Assets.xcassets */; };
		1B7315FD281E7DD5001F2E6A /* LaunchScreen.storyboard in Resources */ = {isa = PBXBuildFile; fileRef = 1B7315FB281E7DD5001F2E6A /* LaunchScreen.storyboard */; };
		1BA2DEEF281E840900DB128D /* DeepLinkManager.swift in Sources */ = {isa = PBXBuildFile; fileRef = 1BA2DEEE281E840900DB128D /* DeepLinkManager.swift */; };
		1BA2DEF3281E8AA300DB128D /* Coordinator.swift in Sources */ = {isa = PBXBuildFile; fileRef = 1BA2DEF2281E8AA300DB128D /* Coordinator.swift */; };
		1BA2DEF5281E8AAB00DB128D /* Navigator.swift in Sources */ = {isa = PBXBuildFile; fileRef = 1BA2DEF4281E8AAB00DB128D /* Navigator.swift */; };
		1BA2DEF7281E8AB600DB128D /* AppCoordinator.swift in Sources */ = {isa = PBXBuildFile; fileRef = 1BA2DEF6281E8AB600DB128D /* AppCoordinator.swift */; };
		1BA2DEF9281E8AE800DB128D /* MainCoordinator.swift in Sources */ = {isa = PBXBuildFile; fileRef = 1BA2DEF8281E8AE800DB128D /* MainCoordinator.swift */; };
		1BA2DEFE281E8C1800DB128D /* AppRootVC.swift in Sources */ = {isa = PBXBuildFile; fileRef = 1BA2DEFD281E8C1800DB128D /* AppRootVC.swift */; };
		1BA2DF00281E8C4B00DB128D /* UIView+Extensions.swift in Sources */ = {isa = PBXBuildFile; fileRef = 1BA2DEFF281E8C4B00DB128D /* UIView+Extensions.swift */; };
		1BA2DF02281E8C7300DB128D /* BaseVC.swift in Sources */ = {isa = PBXBuildFile; fileRef = 1BA2DF01281E8C7300DB128D /* BaseVC.swift */; };
		1BA2DF04281E8CD900DB128D /* LocalStorageManager.swift in Sources */ = {isa = PBXBuildFile; fileRef = 1BA2DF03281E8CD900DB128D /* LocalStorageManager.swift */; };
		1BA2DF08281E8D7700DB128D /* OnboardingCoordinator.swift in Sources */ = {isa = PBXBuildFile; fileRef = 1BA2DF07281E8D7700DB128D /* OnboardingCoordinator.swift */; };
		1BA2DF0A281E8E0C00DB128D /* Date+Extensions.swift in Sources */ = {isa = PBXBuildFile; fileRef = 1BA2DF09281E8E0C00DB128D /* Date+Extensions.swift */; };
		1BA2DF6B281E986000DB128D /* Networking.framework in Frameworks */ = {isa = PBXBuildFile; fileRef = 1BA2DF68281E980900DB128D /* Networking.framework */; };
/* End PBXBuildFile section */

/* Begin PBXContainerItemProxy section */
		1BA2DF67281E980900DB128D /* PBXContainerItemProxy */ = {
			isa = PBXContainerItemProxy;
			containerPortal = 1BA2DF62281E980800DB128D /* Networking.xcodeproj */;
			proxyType = 2;
			remoteGlobalIDString = 1BA2DF48281E980800DB128D;
			remoteInfo = Networking;
		};
		1BA2DF69281E980900DB128D /* PBXContainerItemProxy */ = {
			isa = PBXContainerItemProxy;
			containerPortal = 1BA2DF62281E980800DB128D /* Networking.xcodeproj */;
			proxyType = 2;
			remoteGlobalIDString = 1BA2DF52281E980800DB128D;
			remoteInfo = NetworkingTests;
		};
		1BA2DF6D281E99A900DB128D /* PBXContainerItemProxy */ = {
			isa = PBXContainerItemProxy;
			containerPortal = 1BA2DF62281E980800DB128D /* Networking.xcodeproj */;
			proxyType = 1;
			remoteGlobalIDString = 1BA2DF47281E980800DB128D;
			remoteInfo = Networking;
		};
/* End PBXContainerItemProxy section */

/* Begin PBXFileReference section */
		1B7315ED281E7DCF001F2E6A /* workntour.app */ = {isa = PBXFileReference; explicitFileType = wrapper.application; includeInIndex = 0; path = workntour.app; sourceTree = BUILT_PRODUCTS_DIR; };
		1B7315F0281E7DD0001F2E6A /* AppDelegate.swift */ = {isa = PBXFileReference; lastKnownFileType = sourcecode.swift; path = AppDelegate.swift; sourceTree = "<group>"; };
		1B7315F2281E7DD0001F2E6A /* SceneDelegate.swift */ = {isa = PBXFileReference; lastKnownFileType = sourcecode.swift; path = SceneDelegate.swift; sourceTree = "<group>"; };
		1B7315F4281E7DD0001F2E6A /* ViewController.swift */ = {isa = PBXFileReference; lastKnownFileType = sourcecode.swift; path = ViewController.swift; sourceTree = "<group>"; };
		1B7315F9281E7DD5001F2E6A /* Assets.xcassets */ = {isa = PBXFileReference; lastKnownFileType = folder.assetcatalog; path = Assets.xcassets; sourceTree = "<group>"; };
		1B7315FC281E7DD5001F2E6A /* Base */ = {isa = PBXFileReference; lastKnownFileType = file.storyboard; name = Base; path = Base.lproj/LaunchScreen.storyboard; sourceTree = "<group>"; };
		1B7315FE281E7DD5001F2E6A /* Info.plist */ = {isa = PBXFileReference; lastKnownFileType = text.plist.xml; path = Info.plist; sourceTree = "<group>"; };
		1BA2DEEE281E840900DB128D /* DeepLinkManager.swift */ = {isa = PBXFileReference; lastKnownFileType = sourcecode.swift; path = DeepLinkManager.swift; sourceTree = "<group>"; };
		1BA2DEF2281E8AA300DB128D /* Coordinator.swift */ = {isa = PBXFileReference; lastKnownFileType = sourcecode.swift; path = Coordinator.swift; sourceTree = "<group>"; };
		1BA2DEF4281E8AAB00DB128D /* Navigator.swift */ = {isa = PBXFileReference; lastKnownFileType = sourcecode.swift; path = Navigator.swift; sourceTree = "<group>"; };
		1BA2DEF6281E8AB600DB128D /* AppCoordinator.swift */ = {isa = PBXFileReference; lastKnownFileType = sourcecode.swift; path = AppCoordinator.swift; sourceTree = "<group>"; };
		1BA2DEF8281E8AE800DB128D /* MainCoordinator.swift */ = {isa = PBXFileReference; lastKnownFileType = sourcecode.swift; path = MainCoordinator.swift; sourceTree = "<group>"; };
		1BA2DEFD281E8C1800DB128D /* AppRootVC.swift */ = {isa = PBXFileReference; lastKnownFileType = sourcecode.swift; path = AppRootVC.swift; sourceTree = "<group>"; };
		1BA2DEFF281E8C4B00DB128D /* UIView+Extensions.swift */ = {isa = PBXFileReference; lastKnownFileType = sourcecode.swift; path = "UIView+Extensions.swift"; sourceTree = "<group>"; };
		1BA2DF01281E8C7300DB128D /* BaseVC.swift */ = {isa = PBXFileReference; lastKnownFileType = sourcecode.swift; path = BaseVC.swift; sourceTree = "<group>"; };
		1BA2DF03281E8CD900DB128D /* LocalStorageManager.swift */ = {isa = PBXFileReference; lastKnownFileType = sourcecode.swift; path = LocalStorageManager.swift; sourceTree = "<group>"; };
		1BA2DF07281E8D7700DB128D /* OnboardingCoordinator.swift */ = {isa = PBXFileReference; lastKnownFileType = sourcecode.swift; path = OnboardingCoordinator.swift; sourceTree = "<group>"; };
		1BA2DF09281E8E0C00DB128D /* Date+Extensions.swift */ = {isa = PBXFileReference; lastKnownFileType = sourcecode.swift; path = "Date+Extensions.swift"; sourceTree = "<group>"; };
		1BA2DF62281E980800DB128D /* Networking.xcodeproj */ = {isa = PBXFileReference; lastKnownFileType = "wrapper.pb-project"; name = Networking.xcodeproj; path = ../Networking/Networking.xcodeproj; sourceTree = "<group>"; };
/* End PBXFileReference section */

/* Begin PBXFrameworksBuildPhase section */
		1B7315EA281E7DCF001F2E6A /* Frameworks */ = {
			isa = PBXFrameworksBuildPhase;
			buildActionMask = 2147483647;
			files = (
				1BA2DF6B281E986000DB128D /* Networking.framework in Frameworks */,
			);
			runOnlyForDeploymentPostprocessing = 0;
		};
/* End PBXFrameworksBuildPhase section */

/* Begin PBXGroup section */
		1B7315E4281E7DCF001F2E6A = {
			isa = PBXGroup;
			children = (
				1B7315EF281E7DD0001F2E6A /* workntour */,
				1BA2DF62281E980800DB128D /* Networking.xcodeproj */,
				1B7315EE281E7DCF001F2E6A /* Products */,
				1BA2DF3A281E971100DB128D /* Frameworks */,
			);
			sourceTree = "<group>";
		};
		1B7315EE281E7DCF001F2E6A /* Products */ = {
			isa = PBXGroup;
			children = (
				1B7315ED281E7DCF001F2E6A /* workntour.app */,
			);
			name = Products;
			sourceTree = "<group>";
		};
		1B7315EF281E7DD0001F2E6A /* workntour */ = {
			isa = PBXGroup;
			children = (
				1BA2DEEC281E832200DB128D /* Core */,
				1BA2DF05281E8D3F00DB128D /* MainApp */,
				1BA2DEFA281E8BA900DB128D /* Extensions */,
				1BA2DEFB281E8BE200DB128D /* Helpers */,
				1BA2DEFC281E8BEC00DB128D /* SupportingFiles */,
				1B7315F4281E7DD0001F2E6A /* ViewController.swift */,
			);
			path = workntour;
			sourceTree = "<group>";
		};
		1BA2DEEC281E832200DB128D /* Core */ = {
			isa = PBXGroup;
			children = (
				1BA2DEED281E83F700DB128D /* Navigation */,
				1B7315F0281E7DD0001F2E6A /* AppDelegate.swift */,
				1B7315F2281E7DD0001F2E6A /* SceneDelegate.swift */,
				1BA2DEFD281E8C1800DB128D /* AppRootVC.swift */,
				1BA2DF01281E8C7300DB128D /* BaseVC.swift */,
			);
			path = Core;
			sourceTree = "<group>";
		};
		1BA2DEED281E83F700DB128D /* Navigation */ = {
			isa = PBXGroup;
			children = (
				1BA2DEEE281E840900DB128D /* DeepLinkManager.swift */,
				1BA2DEF2281E8AA300DB128D /* Coordinator.swift */,
				1BA2DEF4281E8AAB00DB128D /* Navigator.swift */,
				1BA2DEF6281E8AB600DB128D /* AppCoordinator.swift */,
				1BA2DEF8281E8AE800DB128D /* MainCoordinator.swift */,
			);
			path = Navigation;
			sourceTree = "<group>";
		};
		1BA2DEFA281E8BA900DB128D /* Extensions */ = {
			isa = PBXGroup;
			children = (
				1BA2DEFF281E8C4B00DB128D /* UIView+Extensions.swift */,
				1BA2DF09281E8E0C00DB128D /* Date+Extensions.swift */,
			);
			path = Extensions;
			sourceTree = "<group>";
		};
		1BA2DEFB281E8BE200DB128D /* Helpers */ = {
			isa = PBXGroup;
			children = (
				1BA2DF03281E8CD900DB128D /* LocalStorageManager.swift */,
			);
			name = Helpers;
			sourceTree = "<group>";
		};
		1BA2DEFC281E8BEC00DB128D /* SupportingFiles */ = {
			isa = PBXGroup;
			children = (
				1B7315F9281E7DD5001F2E6A /* Assets.xcassets */,
				1B7315FB281E7DD5001F2E6A /* LaunchScreen.storyboard */,
				1B7315FE281E7DD5001F2E6A /* Info.plist */,
			);
			path = SupportingFiles;
			sourceTree = "<group>";
		};
		1BA2DF05281E8D3F00DB128D /* MainApp */ = {
			isa = PBXGroup;
			children = (
				1BA2DF06281E8D6A00DB128D /* Onboarding */,
			);
			path = MainApp;
			sourceTree = "<group>";
		};
		1BA2DF06281E8D6A00DB128D /* Onboarding */ = {
			isa = PBXGroup;
			children = (
				1BA2DF07281E8D7700DB128D /* OnboardingCoordinator.swift */,
			);
			path = Onboarding;
			sourceTree = "<group>";
		};
		1BA2DF3A281E971100DB128D /* Frameworks */ = {
			isa = PBXGroup;
			children = (
			);
			name = Frameworks;
			sourceTree = "<group>";
		};
		1BA2DF63281E980800DB128D /* Products */ = {
			isa = PBXGroup;
			children = (
				1BA2DF68281E980900DB128D /* Networking.framework */,
				1BA2DF6A281E980900DB128D /* NetworkingTests.xctest */,
			);
			name = Products;
			sourceTree = "<group>";
		};
/* End PBXGroup section */

/* Begin PBXNativeTarget section */
		1B7315EC281E7DCF001F2E6A /* workntour */ = {
			isa = PBXNativeTarget;
			buildConfigurationList = 1B731601281E7DD5001F2E6A /* Build configuration list for PBXNativeTarget "workntour" */;
			buildPhases = (
				1B7315E9281E7DCF001F2E6A /* Sources */,
				1B7315EA281E7DCF001F2E6A /* Frameworks */,
				1B7315EB281E7DCF001F2E6A /* Resources */,
			);
			buildRules = (
			);
			dependencies = (
				1BA2DF6E281E99A900DB128D /* PBXTargetDependency */,
			);
			name = workntour;
			productName = workntour;
			productReference = 1B7315ED281E7DCF001F2E6A /* workntour.app */;
			productType = "com.apple.product-type.application";
		};
/* End PBXNativeTarget section */

/* Begin PBXProject section */
		1B7315E5281E7DCF001F2E6A /* Project object */ = {
			isa = PBXProject;
			attributes = {
				BuildIndependentTargetsInParallel = 1;
				LastSwiftUpdateCheck = 1320;
				LastUpgradeCheck = 1320;
				TargetAttributes = {
					1B7315EC281E7DCF001F2E6A = {
						CreatedOnToolsVersion = 13.2.1;
					};
				};
			};
			buildConfigurationList = 1B7315E8281E7DCF001F2E6A /* Build configuration list for PBXProject "workntour" */;
			compatibilityVersion = "Xcode 13.0";
			developmentRegion = en;
			hasScannedForEncodings = 0;
			knownRegions = (
				en,
				Base,
			);
			mainGroup = 1B7315E4281E7DCF001F2E6A;
			productRefGroup = 1B7315EE281E7DCF001F2E6A /* Products */;
			projectDirPath = "";
			projectReferences = (
				{
					ProductGroup = 1BA2DF63281E980800DB128D /* Products */;
					ProjectRef = 1BA2DF62281E980800DB128D /* Networking.xcodeproj */;
				},
			);
			projectRoot = "";
			targets = (
				1B7315EC281E7DCF001F2E6A /* workntour */,
			);
		};
/* End PBXProject section */

/* Begin PBXReferenceProxy section */
		1BA2DF68281E980900DB128D /* Networking.framework */ = {
			isa = PBXReferenceProxy;
			fileType = wrapper.framework;
			path = Networking.framework;
			remoteRef = 1BA2DF67281E980900DB128D /* PBXContainerItemProxy */;
			sourceTree = BUILT_PRODUCTS_DIR;
		};
		1BA2DF6A281E980900DB128D /* NetworkingTests.xctest */ = {
			isa = PBXReferenceProxy;
			fileType = wrapper.cfbundle;
			path = NetworkingTests.xctest;
			remoteRef = 1BA2DF69281E980900DB128D /* PBXContainerItemProxy */;
			sourceTree = BUILT_PRODUCTS_DIR;
		};
/* End PBXReferenceProxy section */

/* Begin PBXResourcesBuildPhase section */
		1B7315EB281E7DCF001F2E6A /* Resources */ = {
			isa = PBXResourcesBuildPhase;
			buildActionMask = 2147483647;
			files = (
				1B7315FD281E7DD5001F2E6A /* LaunchScreen.storyboard in Resources */,
				1B7315FA281E7DD5001F2E6A /* Assets.xcassets in Resources */,
			);
			runOnlyForDeploymentPostprocessing = 0;
		};
/* End PBXResourcesBuildPhase section */

/* Begin PBXSourcesBuildPhase section */
		1B7315E9281E7DCF001F2E6A /* Sources */ = {
			isa = PBXSourcesBuildPhase;
			buildActionMask = 2147483647;
			files = (
				1B7315F5281E7DD0001F2E6A /* ViewController.swift in Sources */,
				1BA2DF02281E8C7300DB128D /* BaseVC.swift in Sources */,
				1BA2DEF9281E8AE800DB128D /* MainCoordinator.swift in Sources */,
				1BA2DF08281E8D7700DB128D /* OnboardingCoordinator.swift in Sources */,
				1BA2DF04281E8CD900DB128D /* LocalStorageManager.swift in Sources */,
				1BA2DF00281E8C4B00DB128D /* UIView+Extensions.swift in Sources */,
				1B7315F1281E7DD0001F2E6A /* AppDelegate.swift in Sources */,
				1BA2DEF3281E8AA300DB128D /* Coordinator.swift in Sources */,
				1BA2DEFE281E8C1800DB128D /* AppRootVC.swift in Sources */,
				1BA2DF0A281E8E0C00DB128D /* Date+Extensions.swift in Sources */,
				1B7315F3281E7DD0001F2E6A /* SceneDelegate.swift in Sources */,
				1BA2DEEF281E840900DB128D /* DeepLinkManager.swift in Sources */,
				1BA2DEF5281E8AAB00DB128D /* Navigator.swift in Sources */,
				1BA2DEF7281E8AB600DB128D /* AppCoordinator.swift in Sources */,
			);
			runOnlyForDeploymentPostprocessing = 0;
		};
/* End PBXSourcesBuildPhase section */

/* Begin PBXTargetDependency section */
		1BA2DF6E281E99A900DB128D /* PBXTargetDependency */ = {
			isa = PBXTargetDependency;
			name = Networking;
			targetProxy = 1BA2DF6D281E99A900DB128D /* PBXContainerItemProxy */;
		};
/* End PBXTargetDependency section */

/* Begin PBXVariantGroup section */
		1B7315FB281E7DD5001F2E6A /* LaunchScreen.storyboard */ = {
			isa = PBXVariantGroup;
			children = (
				1B7315FC281E7DD5001F2E6A /* Base */,
			);
			name = LaunchScreen.storyboard;
			sourceTree = "<group>";
		};
/* End PBXVariantGroup section */

/* Begin XCBuildConfiguration section */
		1B7315FF281E7DD5001F2E6A /* Debug */ = {
			isa = XCBuildConfiguration;
			buildSettings = {
				ALWAYS_SEARCH_USER_PATHS = NO;
				CLANG_ANALYZER_NONNULL = YES;
				CLANG_ANALYZER_NUMBER_OBJECT_CONVERSION = YES_AGGRESSIVE;
				CLANG_CXX_LANGUAGE_STANDARD = "gnu++17";
				CLANG_CXX_LIBRARY = "libc++";
				CLANG_ENABLE_MODULES = YES;
				CLANG_ENABLE_OBJC_ARC = YES;
				CLANG_ENABLE_OBJC_WEAK = YES;
				CLANG_WARN_BLOCK_CAPTURE_AUTORELEASING = YES;
				CLANG_WARN_BOOL_CONVERSION = YES;
				CLANG_WARN_COMMA = YES;
				CLANG_WARN_CONSTANT_CONVERSION = YES;
				CLANG_WARN_DEPRECATED_OBJC_IMPLEMENTATIONS = YES;
				CLANG_WARN_DIRECT_OBJC_ISA_USAGE = YES_ERROR;
				CLANG_WARN_DOCUMENTATION_COMMENTS = YES;
				CLANG_WARN_EMPTY_BODY = YES;
				CLANG_WARN_ENUM_CONVERSION = YES;
				CLANG_WARN_INFINITE_RECURSION = YES;
				CLANG_WARN_INT_CONVERSION = YES;
				CLANG_WARN_NON_LITERAL_NULL_CONVERSION = YES;
				CLANG_WARN_OBJC_IMPLICIT_RETAIN_SELF = YES;
				CLANG_WARN_OBJC_LITERAL_CONVERSION = YES;
				CLANG_WARN_OBJC_ROOT_CLASS = YES_ERROR;
				CLANG_WARN_QUOTED_INCLUDE_IN_FRAMEWORK_HEADER = YES;
				CLANG_WARN_RANGE_LOOP_ANALYSIS = YES;
				CLANG_WARN_STRICT_PROTOTYPES = YES;
				CLANG_WARN_SUSPICIOUS_MOVE = YES;
				CLANG_WARN_UNGUARDED_AVAILABILITY = YES_AGGRESSIVE;
				CLANG_WARN_UNREACHABLE_CODE = YES;
				CLANG_WARN__DUPLICATE_METHOD_MATCH = YES;
				COPY_PHASE_STRIP = NO;
				DEBUG_INFORMATION_FORMAT = dwarf;
				ENABLE_STRICT_OBJC_MSGSEND = YES;
				ENABLE_TESTABILITY = YES;
				GCC_C_LANGUAGE_STANDARD = gnu11;
				GCC_DYNAMIC_NO_PIC = NO;
				GCC_NO_COMMON_BLOCKS = YES;
				GCC_OPTIMIZATION_LEVEL = 0;
				GCC_PREPROCESSOR_DEFINITIONS = (
					"DEBUG=1",
					"$(inherited)",
				);
				GCC_WARN_64_TO_32_BIT_CONVERSION = YES;
				GCC_WARN_ABOUT_RETURN_TYPE = YES_ERROR;
				GCC_WARN_UNDECLARED_SELECTOR = YES;
				GCC_WARN_UNINITIALIZED_AUTOS = YES_AGGRESSIVE;
				GCC_WARN_UNUSED_FUNCTION = YES;
				GCC_WARN_UNUSED_VARIABLE = YES;
				IPHONEOS_DEPLOYMENT_TARGET = 14.0;
				MTL_ENABLE_DEBUG_INFO = INCLUDE_SOURCE;
				MTL_FAST_MATH = YES;
				ONLY_ACTIVE_ARCH = YES;
				SDKROOT = iphoneos;
				SWIFT_ACTIVE_COMPILATION_CONDITIONS = DEBUG;
				SWIFT_OPTIMIZATION_LEVEL = "-Onone";
			};
			name = Debug;
		};
		1B731600281E7DD5001F2E6A /* Release */ = {
			isa = XCBuildConfiguration;
			buildSettings = {
				ALWAYS_SEARCH_USER_PATHS = NO;
				CLANG_ANALYZER_NONNULL = YES;
				CLANG_ANALYZER_NUMBER_OBJECT_CONVERSION = YES_AGGRESSIVE;
				CLANG_CXX_LANGUAGE_STANDARD = "gnu++17";
				CLANG_CXX_LIBRARY = "libc++";
				CLANG_ENABLE_MODULES = YES;
				CLANG_ENABLE_OBJC_ARC = YES;
				CLANG_ENABLE_OBJC_WEAK = YES;
				CLANG_WARN_BLOCK_CAPTURE_AUTORELEASING = YES;
				CLANG_WARN_BOOL_CONVERSION = YES;
				CLANG_WARN_COMMA = YES;
				CLANG_WARN_CONSTANT_CONVERSION = YES;
				CLANG_WARN_DEPRECATED_OBJC_IMPLEMENTATIONS = YES;
				CLANG_WARN_DIRECT_OBJC_ISA_USAGE = YES_ERROR;
				CLANG_WARN_DOCUMENTATION_COMMENTS = YES;
				CLANG_WARN_EMPTY_BODY = YES;
				CLANG_WARN_ENUM_CONVERSION = YES;
				CLANG_WARN_INFINITE_RECURSION = YES;
				CLANG_WARN_INT_CONVERSION = YES;
				CLANG_WARN_NON_LITERAL_NULL_CONVERSION = YES;
				CLANG_WARN_OBJC_IMPLICIT_RETAIN_SELF = YES;
				CLANG_WARN_OBJC_LITERAL_CONVERSION = YES;
				CLANG_WARN_OBJC_ROOT_CLASS = YES_ERROR;
				CLANG_WARN_QUOTED_INCLUDE_IN_FRAMEWORK_HEADER = YES;
				CLANG_WARN_RANGE_LOOP_ANALYSIS = YES;
				CLANG_WARN_STRICT_PROTOTYPES = YES;
				CLANG_WARN_SUSPICIOUS_MOVE = YES;
				CLANG_WARN_UNGUARDED_AVAILABILITY = YES_AGGRESSIVE;
				CLANG_WARN_UNREACHABLE_CODE = YES;
				CLANG_WARN__DUPLICATE_METHOD_MATCH = YES;
				COPY_PHASE_STRIP = NO;
				DEBUG_INFORMATION_FORMAT = "dwarf-with-dsym";
				ENABLE_NS_ASSERTIONS = NO;
				ENABLE_STRICT_OBJC_MSGSEND = YES;
				GCC_C_LANGUAGE_STANDARD = gnu11;
				GCC_NO_COMMON_BLOCKS = YES;
				GCC_WARN_64_TO_32_BIT_CONVERSION = YES;
				GCC_WARN_ABOUT_RETURN_TYPE = YES_ERROR;
				GCC_WARN_UNDECLARED_SELECTOR = YES;
				GCC_WARN_UNINITIALIZED_AUTOS = YES_AGGRESSIVE;
				GCC_WARN_UNUSED_FUNCTION = YES;
				GCC_WARN_UNUSED_VARIABLE = YES;
				IPHONEOS_DEPLOYMENT_TARGET = 14.0;
				MTL_ENABLE_DEBUG_INFO = NO;
				MTL_FAST_MATH = YES;
				SDKROOT = iphoneos;
				SWIFT_COMPILATION_MODE = wholemodule;
				SWIFT_OPTIMIZATION_LEVEL = "-O";
				VALIDATE_PRODUCT = YES;
			};
			name = Release;
		};
		1B731602281E7DD5001F2E6A /* Debug */ = {
			isa = XCBuildConfiguration;
			buildSettings = {
				ASSETCATALOG_COMPILER_APPICON_NAME = AppIcon;
				ASSETCATALOG_COMPILER_GLOBAL_ACCENT_COLOR_NAME = AccentColor;
				CODE_SIGN_STYLE = Automatic;
				CURRENT_PROJECT_VERSION = 1;
				DEVELOPMENT_TEAM = 8QYX9VGMBQ;
				GENERATE_INFOPLIST_FILE = YES;
				INFOPLIST_FILE = workntour/SupportingFiles/Info.plist;
				INFOPLIST_KEY_UIApplicationSupportsIndirectInputEvents = YES;
				INFOPLIST_KEY_UILaunchStoryboardName = LaunchScreen;
				INFOPLIST_KEY_UISupportedInterfaceOrientations_iPhone = UIInterfaceOrientationPortrait;
				IPHONEOS_DEPLOYMENT_TARGET = 14.0;
				LD_RUNPATH_SEARCH_PATHS = (
					"$(inherited)",
					"@executable_path/Frameworks",
				);
				MARKETING_VERSION = 1.0;
				PRODUCT_BUNDLE_IDENTIFIER = com.workntour.workntour;
				PRODUCT_NAME = "$(TARGET_NAME)";
				SWIFT_EMIT_LOC_STRINGS = YES;
				SWIFT_VERSION = 5.0;
				TARGETED_DEVICE_FAMILY = 1;
			};
			name = Debug;
		};
		1B731603281E7DD5001F2E6A /* Release */ = {
			isa = XCBuildConfiguration;
			buildSettings = {
				ASSETCATALOG_COMPILER_APPICON_NAME = AppIcon;
				ASSETCATALOG_COMPILER_GLOBAL_ACCENT_COLOR_NAME = AccentColor;
				CODE_SIGN_STYLE = Automatic;
				CURRENT_PROJECT_VERSION = 1;
				DEVELOPMENT_TEAM = 8QYX9VGMBQ;
				GENERATE_INFOPLIST_FILE = YES;
				INFOPLIST_FILE = workntour/SupportingFiles/Info.plist;
				INFOPLIST_KEY_UIApplicationSupportsIndirectInputEvents = YES;
				INFOPLIST_KEY_UILaunchStoryboardName = LaunchScreen;
				INFOPLIST_KEY_UISupportedInterfaceOrientations_iPhone = UIInterfaceOrientationPortrait;
				IPHONEOS_DEPLOYMENT_TARGET = 14.0;
				LD_RUNPATH_SEARCH_PATHS = (
					"$(inherited)",
					"@executable_path/Frameworks",
				);
				MARKETING_VERSION = 1.0;
				PRODUCT_BUNDLE_IDENTIFIER = com.workntour.workntour;
				PRODUCT_NAME = "$(TARGET_NAME)";
				SWIFT_EMIT_LOC_STRINGS = YES;
				SWIFT_VERSION = 5.0;
				TARGETED_DEVICE_FAMILY = 1;
			};
			name = Release;
		};
/* End XCBuildConfiguration section */

/* Begin XCConfigurationList section */
		1B7315E8281E7DCF001F2E6A /* Build configuration list for PBXProject "workntour" */ = {
			isa = XCConfigurationList;
			buildConfigurations = (
				1B7315FF281E7DD5001F2E6A /* Debug */,
				1B731600281E7DD5001F2E6A /* Release */,
			);
			defaultConfigurationIsVisible = 0;
			defaultConfigurationName = Release;
		};
		1B731601281E7DD5001F2E6A /* Build configuration list for PBXNativeTarget "workntour" */ = {
			isa = XCConfigurationList;
			buildConfigurations = (
				1B731602281E7DD5001F2E6A /* Debug */,
				1B731603281E7DD5001F2E6A /* Release */,
			);
			defaultConfigurationIsVisible = 0;
			defaultConfigurationName = Release;
		};
/* End XCConfigurationList section */
	};
	rootObject = 1B7315E5281E7DCF001F2E6A /* Project object */;
}
